// !$*UTF8*$!
{
	archiveVersion = 1;
	classes = {
	};
	objectVersion = 55;
	objects = {

/* Begin PBXBuildFile section */
		AB30563528B07FBF00091BCC /* MemoCell.swift in Sources */ = {isa = PBXBuildFile; fileRef = AB30563428B07FBF00091BCC /* MemoCell.swift */; };
		AB30563728B0802400091BCC /* WriteView.swift in Sources */ = {isa = PBXBuildFile; fileRef = AB30563628B0802400091BCC /* WriteView.swift */; };
		AB30563928B1158B00091BCC /* DetailView.swift in Sources */ = {isa = PBXBuildFile; fileRef = AB30563828B1158B00091BCC /* DetailView.swift */; };
		ABC5F4A928AFD6AB00616FC9 /* MeMoAppApp.swift in Sources */ = {isa = PBXBuildFile; fileRef = ABC5F4A828AFD6AB00616FC9 /* MeMoAppApp.swift */; };
		ABC5F4AD28AFD6AE00616FC9 /* Assets.xcassets in Resources */ = {isa = PBXBuildFile; fileRef = ABC5F4AC28AFD6AE00616FC9 /* Assets.xcassets */; };
		ABC5F4B028AFD6AE00616FC9 /* Preview Assets.xcassets in Resources */ = {isa = PBXBuildFile; fileRef = ABC5F4AF28AFD6AE00616FC9 /* Preview Assets.xcassets */; };
		ABC5F4B228AFD6AE00616FC9 /* Persistence.swift in Sources */ = {isa = PBXBuildFile; fileRef = ABC5F4B128AFD6AE00616FC9 /* Persistence.swift */; };
		ABC5F4B528AFD6AE00616FC9 /* MeMoApp.xcdatamodeld in Sources */ = {isa = PBXBuildFile; fileRef = ABC5F4B328AFD6AE00616FC9 /* MeMoApp.xcdatamodeld */; };
		ABC5F4BC28AFD6E500616FC9 /* MainListView.swift in Sources */ = {isa = PBXBuildFile; fileRef = ABC5F4BB28AFD6E500616FC9 /* MainListView.swift */; };
		ABC5F4C328AFD9CB00616FC9 /* Memo.swift in Sources */ = {isa = PBXBuildFile; fileRef = ABC5F4C228AFD9CB00616FC9 /* Memo.swift */; };
		ABC5F4C528AFDA5200616FC9 /* MemoStore.swift in Sources */ = {isa = PBXBuildFile; fileRef = ABC5F4C428AFDA5200616FC9 /* MemoStore.swift */; };
/* End PBXBuildFile section */

/* Begin PBXFileReference section */
		AB30563428B07FBF00091BCC /* MemoCell.swift */ = {isa = PBXFileReference; lastKnownFileType = sourcecode.swift; path = MemoCell.swift; sourceTree = "<group>"; };
		AB30563628B0802400091BCC /* WriteView.swift */ = {isa = PBXFileReference; lastKnownFileType = sourcecode.swift; path = WriteView.swift; sourceTree = "<group>"; };
		AB30563828B1158B00091BCC /* DetailView.swift */ = {isa = PBXFileReference; lastKnownFileType = sourcecode.swift; path = DetailView.swift; sourceTree = "<group>"; };
		ABC5F4A528AFD6AB00616FC9 /* MeMoApp.app */ = {isa = PBXFileReference; explicitFileType = wrapper.application; includeInIndex = 0; path = MeMoApp.app; sourceTree = BUILT_PRODUCTS_DIR; };
		ABC5F4A828AFD6AB00616FC9 /* MeMoAppApp.swift */ = {isa = PBXFileReference; lastKnownFileType = sourcecode.swift; path = MeMoAppApp.swift; sourceTree = "<group>"; };
		ABC5F4AC28AFD6AE00616FC9 /* Assets.xcassets */ = {isa = PBXFileReference; lastKnownFileType = folder.assetcatalog; path = Assets.xcassets; sourceTree = "<group>"; };
		ABC5F4AF28AFD6AE00616FC9 /* Preview Assets.xcassets */ = {isa = PBXFileReference; lastKnownFileType = folder.assetcatalog; path = "Preview Assets.xcassets"; sourceTree = "<group>"; };
		ABC5F4B128AFD6AE00616FC9 /* Persistence.swift */ = {isa = PBXFileReference; lastKnownFileType = sourcecode.swift; path = Persistence.swift; sourceTree = "<group>"; };
		ABC5F4B428AFD6AE00616FC9 /* MeMoApp.xcdatamodel */ = {isa = PBXFileReference; lastKnownFileType = wrapper.xcdatamodel; path = MeMoApp.xcdatamodel; sourceTree = "<group>"; };
		ABC5F4BB28AFD6E500616FC9 /* MainListView.swift */ = {isa = PBXFileReference; lastKnownFileType = sourcecode.swift; path = MainListView.swift; sourceTree = "<group>"; };
		ABC5F4C228AFD9CB00616FC9 /* Memo.swift */ = {isa = PBXFileReference; lastKnownFileType = sourcecode.swift; path = Memo.swift; sourceTree = "<group>"; };
		ABC5F4C428AFDA5200616FC9 /* MemoStore.swift */ = {isa = PBXFileReference; lastKnownFileType = sourcecode.swift; path = MemoStore.swift; sourceTree = "<group>"; };
/* End PBXFileReference section */

/* Begin PBXFrameworksBuildPhase section */
		ABC5F4A228AFD6AB00616FC9 /* Frameworks */ = {
			isa = PBXFrameworksBuildPhase;
			buildActionMask = 2147483647;
			files = (
			);
			runOnlyForDeploymentPostprocessing = 0;
		};
/* End PBXFrameworksBuildPhase section */

/* Begin PBXGroup section */
		AB30563128B07F9E00091BCC /* View */ = {
			isa = PBXGroup;
			children = (
				AB30563428B07FBF00091BCC /* MemoCell.swift */,
				ABC5F4BB28AFD6E500616FC9 /* MainListView.swift */,
				AB30563628B0802400091BCC /* WriteView.swift */,
				AB30563828B1158B00091BCC /* DetailView.swift */,
			);
			path = View;
			sourceTree = "<group>";
		};
		ABC5F49C28AFD6AB00616FC9 = {
			isa = PBXGroup;
			children = (
				ABC5F4A728AFD6AB00616FC9 /* MeMoApp */,
				ABC5F4A628AFD6AB00616FC9 /* Products */,
			);
			sourceTree = "<group>";
		};
		ABC5F4A628AFD6AB00616FC9 /* Products */ = {
			isa = PBXGroup;
			children = (
				ABC5F4A528AFD6AB00616FC9 /* MeMoApp.app */,
			);
			name = Products;
			sourceTree = "<group>";
		};
		ABC5F4A728AFD6AB00616FC9 /* MeMoApp */ = {
			isa = PBXGroup;
			children = (
				AB30563128B07F9E00091BCC /* View */,
				ABC5F4C128AFD9C200616FC9 /* Memory */,
				ABC5F4BD28AFD70300616FC9 /* CoreData */,
				ABC5F4A828AFD6AB00616FC9 /* MeMoAppApp.swift */,
				ABC5F4AC28AFD6AE00616FC9 /* Assets.xcassets */,
				ABC5F4AE28AFD6AE00616FC9 /* Preview Content */,
			);
			path = MeMoApp;
			sourceTree = "<group>";
		};
		ABC5F4AE28AFD6AE00616FC9 /* Preview Content */ = {
			isa = PBXGroup;
			children = (
				ABC5F4AF28AFD6AE00616FC9 /* Preview Assets.xcassets */,
			);
			path = "Preview Content";
			sourceTree = "<group>";
		};
		ABC5F4BD28AFD70300616FC9 /* CoreData */ = {
			isa = PBXGroup;
			children = (
				ABC5F4B128AFD6AE00616FC9 /* Persistence.swift */,
				ABC5F4B328AFD6AE00616FC9 /* MeMoApp.xcdatamodeld */,
			);
			path = CoreData;
			sourceTree = "<group>";
		};
		ABC5F4C128AFD9C200616FC9 /* Memory */ = {
			isa = PBXGroup;
			children = (
				ABC5F4C228AFD9CB00616FC9 /* Memo.swift */,
				ABC5F4C428AFDA5200616FC9 /* MemoStore.swift */,
			);
			path = Memory;
			sourceTree = "<group>";
		};
/* End PBXGroup section */

/* Begin PBXNativeTarget section */
		ABC5F4A428AFD6AB00616FC9 /* MeMoApp */ = {
			isa = PBXNativeTarget;
			buildConfigurationList = ABC5F4B828AFD6AE00616FC9 /* Build configuration list for PBXNativeTarget "MeMoApp" */;
			buildPhases = (
				ABC5F4A128AFD6AB00616FC9 /* Sources */,
				ABC5F4A228AFD6AB00616FC9 /* Frameworks */,
				ABC5F4A328AFD6AB00616FC9 /* Resources */,
			);
			buildRules = (
			);
			dependencies = (
			);
			name = MeMoApp;
			productName = MeMoApp;
			productReference = ABC5F4A528AFD6AB00616FC9 /* MeMoApp.app */;
			productType = "com.apple.product-type.application";
		};
/* End PBXNativeTarget section */

/* Begin PBXProject section */
		ABC5F49D28AFD6AB00616FC9 /* Project object */ = {
			isa = PBXProject;
			attributes = {
				BuildIndependentTargetsInParallel = 1;
				LastSwiftUpdateCheck = 1340;
				LastUpgradeCheck = 1340;
				TargetAttributes = {
					ABC5F4A428AFD6AB00616FC9 = {
						CreatedOnToolsVersion = 13.4.1;
					};
				};
			};
			buildConfigurationList = ABC5F4A028AFD6AB00616FC9 /* Build configuration list for PBXProject "MeMoApp" */;
			compatibilityVersion = "Xcode 13.0";
			developmentRegion = en;
			hasScannedForEncodings = 0;
			knownRegions = (
				en,
				Base,
			);
			mainGroup = ABC5F49C28AFD6AB00616FC9;
			productRefGroup = ABC5F4A628AFD6AB00616FC9 /* Products */;
			projectDirPath = "";
			projectRoot = "";
			targets = (
				ABC5F4A428AFD6AB00616FC9 /* MeMoApp */,
			);
		};
/* End PBXProject section */

/* Begin PBXResourcesBuildPhase section */
		ABC5F4A328AFD6AB00616FC9 /* Resources */ = {
			isa = PBXResourcesBuildPhase;
			buildActionMask = 2147483647;
			files = (
				ABC5F4B028AFD6AE00616FC9 /* Preview Assets.xcassets in Resources */,
				ABC5F4AD28AFD6AE00616FC9 /* Assets.xcassets in Resources */,
			);
			runOnlyForDeploymentPostprocessing = 0;
		};
/* End PBXResourcesBuildPhase section */

/* Begin PBXSourcesBuildPhase section */
		ABC5F4A128AFD6AB00616FC9 /* Sources */ = {
			isa = PBXSourcesBuildPhase;
			buildActionMask = 2147483647;
			files = (
				AB30563528B07FBF00091BCC /* MemoCell.swift in Sources */,
				AB30563928B1158B00091BCC /* DetailView.swift in Sources */,
				ABC5F4B228AFD6AE00616FC9 /* Persistence.swift in Sources */,
				ABC5F4C528AFDA5200616FC9 /* MemoStore.swift in Sources */,
				ABC5F4BC28AFD6E500616FC9 /* MainListView.swift in Sources */,
				ABC5F4A928AFD6AB00616FC9 /* MeMoAppApp.swift in Sources */,
				AB30563728B0802400091BCC /* WriteView.swift in Sources */,
				ABC5F4B528AFD6AE00616FC9 /* MeMoApp.xcdatamodeld in Sources */,
				ABC5F4C328AFD9CB00616FC9 /* Memo.swift in Sources */,
			);
			runOnlyForDeploymentPostprocessing = 0;
		};
/* End PBXSourcesBuildPhase section */

/* Begin XCBuildConfiguration section */
		ABC5F4B628AFD6AE00616FC9 /* Debug */ = {
			isa = XCBuildConfiguration;
			buildSettings = {
				ALWAYS_SEARCH_USER_PATHS = NO;
				CLANG_ANALYZER_NONNULL = YES;
				CLANG_ANALYZER_NUMBER_OBJECT_CONVERSION = YES_AGGRESSIVE;
				CLANG_CXX_LANGUAGE_STANDARD = "gnu++17";
				CLANG_ENABLE_MODULES = YES;
				CLANG_ENABLE_OBJC_ARC = YES;
				CLANG_ENABLE_OBJC_WEAK = YES;
				CLANG_WARN_BLOCK_CAPTURE_AUTORELEASING = YES;
				CLANG_WARN_BOOL_CONVERSION = YES;
				CLANG_WARN_COMMA = YES;
				CLANG_WARN_CONSTANT_CONVERSION = YES;
				CLANG_WARN_DEPRECATED_OBJC_IMPLEMENTATIONS = YES;
				CLANG_WARN_DIRECT_OBJC_ISA_USAGE = YES_ERROR;
				CLANG_WARN_DOCUMENTATION_COMMENTS = YES;
				CLANG_WARN_EMPTY_BODY = YES;
				CLANG_WARN_ENUM_CONVERSION = YES;
				CLANG_WARN_INFINITE_RECURSION = YES;
				CLANG_WARN_INT_CONVERSION = YES;
				CLANG_WARN_NON_LITERAL_NULL_CONVERSION = YES;
				CLANG_WARN_OBJC_IMPLICIT_RETAIN_SELF = YES;
				CLANG_WARN_OBJC_LITERAL_CONVERSION = YES;
				CLANG_WARN_OBJC_ROOT_CLASS = YES_ERROR;
				CLANG_WARN_QUOTED_INCLUDE_IN_FRAMEWORK_HEADER = YES;
				CLANG_WARN_RANGE_LOOP_ANALYSIS = YES;
				CLANG_WARN_STRICT_PROTOTYPES = YES;
				CLANG_WARN_SUSPICIOUS_MOVE = YES;
				CLANG_WARN_UNGUARDED_AVAILABILITY = YES_AGGRESSIVE;
				CLANG_WARN_UNREACHABLE_CODE = YES;
				CLANG_WARN__DUPLICATE_METHOD_MATCH = YES;
				COPY_PHASE_STRIP = NO;
				DEBUG_INFORMATION_FORMAT = dwarf;
				ENABLE_STRICT_OBJC_MSGSEND = YES;
				ENABLE_TESTABILITY = YES;
				GCC_C_LANGUAGE_STANDARD = gnu11;
				GCC_DYNAMIC_NO_PIC = NO;
				GCC_NO_COMMON_BLOCKS = YES;
				GCC_OPTIMIZATION_LEVEL = 0;
				GCC_PREPROCESSOR_DEFINITIONS = (
					"DEBUG=1",
					"$(inherited)",
				);
				GCC_WARN_64_TO_32_BIT_CONVERSION = YES;
				GCC_WARN_ABOUT_RETURN_TYPE = YES_ERROR;
				GCC_WARN_UNDECLARED_SELECTOR = YES;
				GCC_WARN_UNINITIALIZED_AUTOS = YES_AGGRESSIVE;
				GCC_WARN_UNUSED_FUNCTION = YES;
				GCC_WARN_UNUSED_VARIABLE = YES;
				IPHONEOS_DEPLOYMENT_TARGET = 15.5;
				MTL_ENABLE_DEBUG_INFO = INCLUDE_SOURCE;
				MTL_FAST_MATH = YES;
				ONLY_ACTIVE_ARCH = YES;
				SDKROOT = iphoneos;
				SWIFT_ACTIVE_COMPILATION_CONDITIONS = DEBUG;
				SWIFT_OPTIMIZATION_LEVEL = "-Onone";
			};
			name = Debug;
		};
		ABC5F4B728AFD6AE00616FC9 /* Release */ = {
			isa = XCBuildConfiguration;
			buildSettings = {
				ALWAYS_SEARCH_USER_PATHS = NO;
				CLANG_ANALYZER_NONNULL = YES;
				CLANG_ANALYZER_NUMBER_OBJECT_CONVERSION = YES_AGGRESSIVE;
				CLANG_CXX_LANGUAGE_STANDARD = "gnu++17";
				CLANG_ENABLE_MODULES = YES;
				CLANG_ENABLE_OBJC_ARC = YES;
				CLANG_ENABLE_OBJC_WEAK = YES;
				CLANG_WARN_BLOCK_CAPTURE_AUTORELEASING = YES;
				CLANG_WARN_BOOL_CONVERSION = YES;
				CLANG_WARN_COMMA = YES;
				CLANG_WARN_CONSTANT_CONVERSION = YES;
				CLANG_WARN_DEPRECATED_OBJC_IMPLEMENTATIONS = YES;
				CLANG_WARN_DIRECT_OBJC_ISA_USAGE = YES_ERROR;
				CLANG_WARN_DOCUMENTATION_COMMENTS = YES;
				CLANG_WARN_EMPTY_BODY = YES;
				CLANG_WARN_ENUM_CONVERSION = YES;
				CLANG_WARN_INFINITE_RECURSION = YES;
				CLANG_WARN_INT_CONVERSION = YES;
				CLANG_WARN_NON_LITERAL_NULL_CONVERSION = YES;
				CLANG_WARN_OBJC_IMPLICIT_RETAIN_SELF = YES;
				CLANG_WARN_OBJC_LITERAL_CONVERSION = YES;
				CLANG_WARN_OBJC_ROOT_CLASS = YES_ERROR;
				CLANG_WARN_QUOTED_INCLUDE_IN_FRAMEWORK_HEADER = YES;
				CLANG_WARN_RANGE_LOOP_ANALYSIS = YES;
				CLANG_WARN_STRICT_PROTOTYPES = YES;
				CLANG_WARN_SUSPICIOUS_MOVE = YES;
				CLANG_WARN_UNGUARDED_AVAILABILITY = YES_AGGRESSIVE;
				CLANG_WARN_UNREACHABLE_CODE = YES;
				CLANG_WARN__DUPLICATE_METHOD_MATCH = YES;
				COPY_PHASE_STRIP = NO;
				DEBUG_INFORMATION_FORMAT = "dwarf-with-dsym";
				ENABLE_NS_ASSERTIONS = NO;
				ENABLE_STRICT_OBJC_MSGSEND = YES;
				GCC_C_LANGUAGE_STANDARD = gnu11;
				GCC_NO_COMMON_BLOCKS = YES;
				GCC_WARN_64_TO_32_BIT_CONVERSION = YES;
				GCC_WARN_ABOUT_RETURN_TYPE = YES_ERROR;
				GCC_WARN_UNDECLARED_SELECTOR = YES;
				GCC_WARN_UNINITIALIZED_AUTOS = YES_AGGRESSIVE;
				GCC_WARN_UNUSED_FUNCTION = YES;
				GCC_WARN_UNUSED_VARIABLE = YES;
				IPHONEOS_DEPLOYMENT_TARGET = 15.5;
				MTL_ENABLE_DEBUG_INFO = NO;
				MTL_FAST_MATH = YES;
				SDKROOT = iphoneos;
				SWIFT_COMPILATION_MODE = wholemodule;
				SWIFT_OPTIMIZATION_LEVEL = "-O";
				VALIDATE_PRODUCT = YES;
			};
			name = Release;
		};
		ABC5F4B928AFD6AE00616FC9 /* Debug */ = {
			isa = XCBuildConfiguration;
			buildSettings = {
				ASSETCATALOG_COMPILER_APPICON_NAME = AppIcon;
				ASSETCATALOG_COMPILER_GLOBAL_ACCENT_COLOR_NAME = AccentColor;
				CODE_SIGN_STYLE = Automatic;
				CURRENT_PROJECT_VERSION = 1;
				DEVELOPMENT_ASSET_PATHS = "\"MeMoApp/Preview Content\"";
				DEVELOPMENT_TEAM = S22CZ64YL7;
				ENABLE_PREVIEWS = YES;
				GENERATE_INFOPLIST_FILE = YES;
				INFOPLIST_KEY_UIApplicationSceneManifest_Generation = YES;
				INFOPLIST_KEY_UIApplicationSupportsIndirectInputEvents = YES;
				INFOPLIST_KEY_UILaunchScreen_Generation = YES;
				INFOPLIST_KEY_UISupportedInterfaceOrientations_iPad = "UIInterfaceOrientationPortrait UIInterfaceOrientationPortraitUpsideDown UIInterfaceOrientationLandscapeLeft UIInterfaceOrientationLandscapeRight";
				INFOPLIST_KEY_UISupportedInterfaceOrientations_iPhone = "UIInterfaceOrientationPortrait UIInterfaceOrientationLandscapeLeft UIInterfaceOrientationLandscapeRight";
				LD_RUNPATH_SEARCH_PATHS = (
					"$(inherited)",
					"@executable_path/Frameworks",
				);
				MARKETING_VERSION = 1.0;
				PRODUCT_BUNDLE_IDENTIFIER = com.quokka.makeReason.MeMoApp;
				PRODUCT_NAME = "$(TARGET_NAME)";
				SWIFT_EMIT_LOC_STRINGS = YES;
				SWIFT_VERSION = 5.0;
				TARGETED_DEVICE_FAMILY = "1,2";
			};
			name = Debug;
		};
		ABC5F4BA28AFD6AE00616FC9 /* Release */ = {
			isa = XCBuildConfiguration;
			buildSettings = {
				ASSETCATALOG_COMPILER_APPICON_NAME = AppIcon;
				ASSETCATALOG_COMPILER_GLOBAL_ACCENT_COLOR_NAME = AccentColor;
				CODE_SIGN_STYLE = Automatic;
				CURRENT_PROJECT_VERSION = 1;
				DEVELOPMENT_ASSET_PATHS = "\"MeMoApp/Preview Content\"";
				DEVELOPMENT_TEAM = S22CZ64YL7;
				ENABLE_PREVIEWS = YES;
				GENERATE_INFOPLIST_FILE = YES;
				INFOPLIST_KEY_UIApplicationSceneManifest_Generation = YES;
				INFOPLIST_KEY_UIApplicationSupportsIndirectInputEvents = YES;
				INFOPLIST_KEY_UILaunchScreen_Generation = YES;
				INFOPLIST_KEY_UISupportedInterfaceOrientations_iPad = "UIInterfaceOrientationPortrait UIInterfaceOrientationPortraitUpsideDown UIInterfaceOrientationLandscapeLeft UIInterfaceOrientationLandscapeRight";
				INFOPLIST_KEY_UISupportedInterfaceOrientations_iPhone = "UIInterfaceOrientationPortrait UIInterfaceOrientationLandscapeLeft UIInterfaceOrientationLandscapeRight";
				LD_RUNPATH_SEARCH_PATHS = (
					"$(inherited)",
					"@executable_path/Frameworks",
				);
				MARKETING_VERSION = 1.0;
				PRODUCT_BUNDLE_IDENTIFIER = com.quokka.makeReason.MeMoApp;
				PRODUCT_NAME = "$(TARGET_NAME)";
				SWIFT_EMIT_LOC_STRINGS = YES;
				SWIFT_VERSION = 5.0;
				TARGETED_DEVICE_FAMILY = "1,2";
			};
			name = Release;
		};
/* End XCBuildConfiguration section */

/* Begin XCConfigurationList section */
		ABC5F4A028AFD6AB00616FC9 /* Build configuration list for PBXProject "MeMoApp" */ = {
			isa = XCConfigurationList;
			buildConfigurations = (
				ABC5F4B628AFD6AE00616FC9 /* Debug */,
				ABC5F4B728AFD6AE00616FC9 /* Release */,
			);
			defaultConfigurationIsVisible = 0;
			defaultConfigurationName = Release;
		};
		ABC5F4B828AFD6AE00616FC9 /* Build configuration list for PBXNativeTarget "MeMoApp" */ = {
			isa = XCConfigurationList;
			buildConfigurations = (
				ABC5F4B928AFD6AE00616FC9 /* Debug */,
				ABC5F4BA28AFD6AE00616FC9 /* Release */,
			);
			defaultConfigurationIsVisible = 0;
			defaultConfigurationName = Release;
		};
/* End XCConfigurationList section */

/* Begin XCVersionGroup section */
		ABC5F4B328AFD6AE00616FC9 /* MeMoApp.xcdatamodeld */ = {
			isa = XCVersionGroup;
			children = (
				ABC5F4B428AFD6AE00616FC9 /* MeMoApp.xcdatamodel */,
			);
			currentVersion = ABC5F4B428AFD6AE00616FC9 /* MeMoApp.xcdatamodel */;
			path = MeMoApp.xcdatamodeld;
			sourceTree = "<group>";
			versionGroupType = wrapper.xcdatamodel;
		};
/* End XCVersionGroup section */
	};
	rootObject = ABC5F49D28AFD6AB00616FC9 /* Project object */;
}
